
Microsoft Visual Studio Solution File, Format Version 12.00
# Visual Studio Version 16
VisualStudioVersion = 16.0.31025.194
MinimumVisualStudioVersion = 10.0.40219.1
Project("{FAE04EC0-301F-11D3-BF4B-00C04F79EFBC}") = "LightsOut", "LightsOut\LightsOut.csproj", "{8F4DEDFF-F881-4C42-8B14-87FF10D7A1B4}"
EndProject
Project("{FAE04EC0-301F-11D3-BF4B-00C04F79EFBC}") = "LightsOut.UnitTests", "LightsOut.UnitTests\LightsOut.UnitTests.csproj", "{822DF81F-B117-497A-9595-50C1E33750A9}"
EndProject
Global
	GlobalSection(SolutionConfigurationPlatforms) = preSolution
		Debug|Any CPU = Debug|Any CPU
		Release|Any CPU = Release|Any CPU
	EndGlobalSection
	GlobalSection(ProjectConfigurationPlatforms) = postSolution
		{8F4DEDFF-F881-4C42-8B14-87FF10D7A1B4}.Debug|Any CPU.ActiveCfg = Debug|Any CPU
		{8F4DEDFF-F881-4C42-8B14-87FF10D7A1B4}.Debug|Any CPU.Build.0 = Debug|Any CPU
		{8F4DEDFF-F881-4C42-8B14-87FF10D7A1B4}.Release|Any CPU.ActiveCfg = Release|Any CPU
		{8F4DEDFF-F881-4C42-8B14-87FF10D7A1B4}.Release|Any CPU.Build.0 = Release|Any CPU
		{822DF81F-B117-497A-9595-50C1E33750A9}.Debug|Any CPU.ActiveCfg = Debug|Any CPU
		{822DF81F-B117-497A-9595-50C1E33750A9}.Debug|Any CPU.Build.0 = Debug|Any CPU
		{822DF81F-B117-497A-9595-50C1E33750A9}.Release|Any CPU.ActiveCfg = Release|Any CPU
		{822DF81F-B117-497A-9595-50C1E33750A9}.Release|Any CPU.Build.0 = Release|Any CPU
	EndGlobalSection
	GlobalSection(SolutionProperties) = preSolution
		HideSolutionNode = FALSE
	EndGlobalSection
	GlobalSection(ExtensibilityGlobals) = postSolution
		SolutionGuid = {129F204F-2C87-42B4-B3C3-45547B17642E}
	EndGlobalSection
EndGlobal
